
Microsoft Visual Studio Solution File, Format Version 12.00
# Visual Studio Version 17
VisualStudioVersion = 17.5.33627.172
MinimumVisualStudioVersion = 10.0.40219.1
Project("{FAE04EC0-301F-11D3-BF4B-00C04F79EFBC}") = "ImagensRedesSociais.Android", "ImagensRedesSociais.Android\ImagensRedesSociais.Android.csproj", "{EE87000C-22FB-41E3-9293-BB4157272AF1}"
EndProject
Project("{FAE04EC0-301F-11D3-BF4B-00C04F79EFBC}") = "ImagensRedesSociais.iOS", "ImagensRedesSociais.iOS\ImagensRedesSociais.iOS.csproj", "{92403EF0-3CAA-4412-8A19-E811FA6C5E09}"
EndProject
Project("{FAE04EC0-301F-11D3-BF4B-00C04F79EFBC}") = "ImagensRedesSociais", "ImagensRedesSociais\ImagensRedesSociais.csproj", "{AF320A76-5698-454B-964C-F98DD0617657}"
EndProject
Global
	GlobalSection(SolutionConfigurationPlatforms) = preSolution
		Debug|Any CPU = Debug|Any CPU
		Debug|iPhone = Debug|iPhone
		Debug|iPhoneSimulator = Debug|iPhoneSimulator
		Release|Any CPU = Release|Any CPU
		Release|iPhone = Release|iPhone
		Release|iPhoneSimulator = Release|iPhoneSimulator
	EndGlobalSection
	GlobalSection(ProjectConfigurationPlatforms) = postSolution
		{EE87000C-22FB-41E3-9293-BB4157272AF1}.Debug|Any CPU.ActiveCfg = Debug|Any CPU
		{EE87000C-22FB-41E3-9293-BB4157272AF1}.Debug|Any CPU.Build.0 = Debug|Any CPU
		{EE87000C-22FB-41E3-9293-BB4157272AF1}.Debug|Any CPU.Deploy.0 = Debug|Any CPU
		{EE87000C-22FB-41E3-9293-BB4157272AF1}.Debug|iPhone.ActiveCfg = Debug|Any CPU
		{EE87000C-22FB-41E3-9293-BB4157272AF1}.Debug|iPhone.Build.0 = Debug|Any CPU
		{EE87000C-22FB-41E3-9293-BB4157272AF1}.Debug|iPhone.Deploy.0 = Debug|Any CPU
		{EE87000C-22FB-41E3-9293-BB4157272AF1}.Debug|iPhoneSimulator.ActiveCfg = Debug|Any CPU
		{EE87000C-22FB-41E3-9293-BB4157272AF1}.Debug|iPhoneSimulator.Build.0 = Debug|Any CPU
		{EE87000C-22FB-41E3-9293-BB4157272AF1}.Debug|iPhoneSimulator.Deploy.0 = Debug|Any CPU
		{EE87000C-22FB-41E3-9293-BB4157272AF1}.Release|Any CPU.ActiveCfg = Release|Any CPU
		{EE87000C-22FB-41E3-9293-BB4157272AF1}.Release|Any CPU.Build.0 = Release|Any CPU
		{EE87000C-22FB-41E3-9293-BB4157272AF1}.Release|Any CPU.Deploy.0 = Release|Any CPU
		{EE87000C-22FB-41E3-9293-BB4157272AF1}.Release|iPhone.ActiveCfg = Release|Any CPU
		{EE87000C-22FB-41E3-9293-BB4157272AF1}.Release|iPhone.Build.0 = Release|Any CPU
		{EE87000C-22FB-41E3-9293-BB4157272AF1}.Release|iPhone.Deploy.0 = Release|Any CPU
		{EE87000C-22FB-41E3-9293-BB4157272AF1}.Release|iPhoneSimulator.ActiveCfg = Release|Any CPU
		{EE87000C-22FB-41E3-9293-BB4157272AF1}.Release|iPhoneSimulator.Build.0 = Release|Any CPU
		{EE87000C-22FB-41E3-9293-BB4157272AF1}.Release|iPhoneSimulator.Deploy.0 = Release|Any CPU
		{92403EF0-3CAA-4412-8A19-E811FA6C5E09}.Debug|Any CPU.ActiveCfg = Debug|iPhone
		{92403EF0-3CAA-4412-8A19-E811FA6C5E09}.Debug|Any CPU.Build.0 = Debug|iPhone
		{92403EF0-3CAA-4412-8A19-E811FA6C5E09}.Debug|Any CPU.Deploy.0 = Debug|iPhone
		{92403EF0-3CAA-4412-8A19-E811FA6C5E09}.Debug|iPhone.ActiveCfg = Debug|iPhone
		{92403EF0-3CAA-4412-8A19-E811FA6C5E09}.Debug|iPhone.Build.0 = Debug|iPhone
		{92403EF0-3CAA-4412-8A19-E811FA6C5E09}.Debug|iPhone.Deploy.0 = Debug|iPhone
		{92403EF0-3CAA-4412-8A19-E811FA6C5E09}.Debug|iPhoneSimulator.ActiveCfg = Debug|iPhoneSimulator
		{92403EF0-3CAA-4412-8A19-E811FA6C5E09}.Debug|iPhoneSimulator.Build.0 = Debug|iPhoneSimulator
		{92403EF0-3CAA-4412-8A19-E811FA6C5E09}.Debug|iPhoneSimulator.Deploy.0 = Debug|iPhoneSimulator
		{92403EF0-3CAA-4412-8A19-E811FA6C5E09}.Release|Any CPU.ActiveCfg = Release|iPhoneSimulator
		{92403EF0-3CAA-4412-8A19-E811FA6C5E09}.Release|Any CPU.Build.0 = Release|iPhoneSimulator
		{92403EF0-3CAA-4412-8A19-E811FA6C5E09}.Release|Any CPU.Deploy.0 = Release|iPhoneSimulator
		{92403EF0-3CAA-4412-8A19-E811FA6C5E09}.Release|iPhone.ActiveCfg = Release|iPhone
		{92403EF0-3CAA-4412-8A19-E811FA6C5E09}.Release|iPhone.Build.0 = Release|iPhone
		{92403EF0-3CAA-4412-8A19-E811FA6C5E09}.Release|iPhone.Deploy.0 = Release|iPhone
		{92403EF0-3CAA-4412-8A19-E811FA6C5E09}.Release|iPhoneSimulator.ActiveCfg = Release|iPhoneSimulator
		{92403EF0-3CAA-4412-8A19-E811FA6C5E09}.Release|iPhoneSimulator.Build.0 = Release|iPhoneSimulator
		{92403EF0-3CAA-4412-8A19-E811FA6C5E09}.Release|iPhoneSimulator.Deploy.0 = Release|iPhoneSimulator
		{AF320A76-5698-454B-964C-F98DD0617657}.Debug|Any CPU.ActiveCfg = Debug|Any CPU
		{AF320A76-5698-454B-964C-F98DD0617657}.Debug|Any CPU.Build.0 = Debug|Any CPU
		{AF320A76-5698-454B-964C-F98DD0617657}.Debug|Any CPU.Deploy.0 = Debug|Any CPU
		{AF320A76-5698-454B-964C-F98DD0617657}.Debug|iPhone.ActiveCfg = Debug|Any CPU
		{AF320A76-5698-454B-964C-F98DD0617657}.Debug|iPhone.Build.0 = Debug|Any CPU
		{AF320A76-5698-454B-964C-F98DD0617657}.Debug|iPhone.Deploy.0 = Debug|Any CPU
		{AF320A76-5698-454B-964C-F98DD0617657}.Debug|iPhoneSimulator.ActiveCfg = Debug|Any CPU
		{AF320A76-5698-454B-964C-F98DD0617657}.Debug|iPhoneSimulator.Build.0 = Debug|Any CPU
		{AF320A76-5698-454B-964C-F98DD0617657}.Debug|iPhoneSimulator.Deploy.0 = Debug|Any CPU
		{AF320A76-5698-454B-964C-F98DD0617657}.Release|Any CPU.ActiveCfg = Release|Any CPU
		{AF320A76-5698-454B-964C-F98DD0617657}.Release|Any CPU.Build.0 = Release|Any CPU
		{AF320A76-5698-454B-964C-F98DD0617657}.Release|Any CPU.Deploy.0 = Release|Any CPU
		{AF320A76-5698-454B-964C-F98DD0617657}.Release|iPhone.ActiveCfg = Release|Any CPU
		{AF320A76-5698-454B-964C-F98DD0617657}.Release|iPhone.Build.0 = Release|Any CPU
		{AF320A76-5698-454B-964C-F98DD0617657}.Release|iPhone.Deploy.0 = Release|Any CPU
		{AF320A76-5698-454B-964C-F98DD0617657}.Release|iPhoneSimulator.ActiveCfg = Release|Any CPU
		{AF320A76-5698-454B-964C-F98DD0617657}.Release|iPhoneSimulator.Build.0 = Release|Any CPU
		{AF320A76-5698-454B-964C-F98DD0617657}.Release|iPhoneSimulator.Deploy.0 = Release|Any CPU
	EndGlobalSection
	GlobalSection(SolutionProperties) = preSolution
		HideSolutionNode = FALSE
	EndGlobalSection
	GlobalSection(ExtensibilityGlobals) = postSolution
		SolutionGuid = {7E916BEE-8D77-470F-B5BB-A53CDAAD40A2}
	EndGlobalSection
EndGlobal
